{
  "name": "ionic-header-parallax",
  "version": "0.0.1",
  "lockfileVersion": 3,
  "requires": true,
  "packages": {
    "": {
      "name": "ionic-header-parallax",
      "version": "0.0.1",
      "dependencies": {
        "to-px": "^1.1.0",
        "tslib": "^2.3.0"
      },
      "devDependencies": {
        "@types/to-px": "^1.1.4"
      },
      "peerDependencies": {
        "@angular/common": "^18.2.0",
        "@angular/core": "^18.2.0"
      }
    },
    "node_modules/@angular/common": {
      "version": "18.2.13",
      "resolved": "https://registry.npmjs.org/@angular/common/-/common-18.2.13.tgz",
      "integrity": "sha512-4ZqrNp1PoZo7VNvW+sbSc2CB2axP1sCH2wXl8B0wdjsj8JY1hF1OhuugwhpAHtGxqewed2kCXayE+ZJqSTV4jw==",
      "license": "MIT",
      "peer": true,
      "dependencies": {
        "tslib": "^2.3.0"
      },
      "engines": {
        "node": "^18.19.1 || ^20.11.1 || >=22.0.0"
      },
      "peerDependencies": {
        "@angular/core": "18.2.13",
        "rxjs": "^6.5.3 || ^7.4.0"
      }
    },
    "node_modules/@angular/core": {
      "version": "18.2.13",
      "resolved": "https://registry.npmjs.org/@angular/core/-/core-18.2.13.tgz",
      "integrity": "sha512-8mbWHMgO95OuFV1Ejy4oKmbe9NOJ3WazQf/f7wks8Bck7pcihd0IKhlPBNjFllbF5o+04EYSwFhEtvEgjMDClA==",
      "license": "MIT",
      "peer": true,
      "dependencies": {
        "tslib": "^2.3.0"
      },
      "engines": {
        "node": "^18.19.1 || ^20.11.1 || >=22.0.0"
      },
      "peerDependencies": {
        "rxjs": "^6.5.3 || ^7.4.0",
        "zone.js": "~0.14.10"
      }
    },
    "node_modules/@types/to-px": {
      "version": "1.1.4",
      "resolved": "https://registry.npmjs.org/@types/to-px/-/to-px-1.1.4.tgz",
      "integrity": "sha512-t8imv37xCZ5yS7ff9g8/3iRwfqx6ro8h3qkI1F1gjqdeu7q5/CxyjDs/EIHbdoEH89SdGuUC+SU27CWUZQ/Jtg==",
      "dev": true,
      "license": "MIT"
    },
    "node_modules/parse-unit": {
      "version": "1.0.1",
      "resolved": "https://registry.npmjs.org/parse-unit/-/parse-unit-1.0.1.tgz",
      "integrity": "sha512-hrqldJHokR3Qj88EIlV/kAyAi/G5R2+R56TBANxNMy0uPlYcttx0jnMW6Yx5KsKPSbC3KddM/7qQm3+0wEXKxg==",
      "license": "MIT"
    },
    "node_modules/rxjs": {
      "version": "7.8.2",
      "resolved": "https://registry.npmjs.org/rxjs/-/rxjs-7.8.2.tgz",
      "integrity": "sha512-dhKf903U/PQZY6boNNtAGdWbG85WAbjT/1xYoZIC7FAY0yWapOBQVsVrDl58W86//e1VpMNBtRV4MaXfdMySFA==",
      "license": "Apache-2.0",
      "peer": true,
      "dependencies": {
        "tslib": "^2.1.0"
      }
    },
    "node_modules/to-px": {
      "version": "1.1.0",
      "resolved": "https://registry.npmjs.org/to-px/-/to-px-1.1.0.tgz",
      "integrity": "sha512-bfg3GLYrGoEzrGoE05TAL/Uw+H/qrf2ptr9V3W7U0lkjjyYnIfgxmVLUfhQ1hZpIQwin81uxhDjvUkDYsC0xWw==",
      "license": "MIT",
      "dependencies": {
        "parse-unit": "^1.0.1"
      }
    },
    "node_modules/tslib": {
      "version": "2.8.1",
      "resolved": "https://registry.npmjs.org/tslib/-/tslib-2.8.1.tgz",
      "integrity": "sha512-oJFu94HQb+KVduSUQL7wnpmqnfmLsOA/nAh6b6EH0wCEoK0/mPeXU6c3wKDV83MkOuHPRHtSXKKU99IBazS/2w==",
      "license": "0BSD"
    },
    "node_modules/zone.js": {
      "version": "0.14.10",
      "resolved": "https://registry.npmjs.org/zone.js/-/zone.js-0.14.10.tgz",
      "integrity": "sha512-YGAhaO7J5ywOXW6InXNlLmfU194F8lVgu7bRntUF3TiG8Y3nBK0x1UJJuHUP/e8IyihkjCYqhCScpSwnlaSRkQ==",
      "license": "MIT",
      "peer": true
    }
  }
}
