{
  "name": "ionic-header-parallax",
  "version": "3.0.2",
  "lockfileVersion": 2,
  "requires": true,
  "packages": {
    "": {
      "name": "ionic-header-parallax",
      "version": "3.0.2",
      "license": "ISC",
      "dependencies": {
        "tslib": "^2.1.0"
      },
      "devDependencies": {
        "to-px": "^1.1.0"
      },
      "peerDependencies": {
        "@angular/common": ">=12.0.0 <14.0.0",
        "@angular/core": ">=12.0.0 <14.0.0",
        "@ionic/angular": ">=5.0.0 <7.0.0"
      }
    },
    "node_modules/@angular/common": {
      "version": "13.1.0",
      "resolved": "https://registry.npmjs.org/@angular/common/-/common-13.1.0.tgz",
      "integrity": "sha512-bDuxl9N2fsaDrkNNuyNEdXMLwCCkjT9ru03QzP+b9RxmCBoUGeHD0uN61N5PMrsKq2RxB6jv4MJQJjT+jQqTsA==",
      "peer": true,
      "dependencies": {
        "tslib": "^2.3.0"
      },
      "engines": {
        "node": "^12.20.0 || ^14.15.0 || >=16.10.0"
      },
      "peerDependencies": {
        "@angular/core": "13.1.0",
        "rxjs": "^6.5.3 || ^7.4.0"
      }
    },
    "node_modules/@angular/core": {
      "version": "13.1.0",
      "resolved": "https://registry.npmjs.org/@angular/core/-/core-13.1.0.tgz",
      "integrity": "sha512-eW+8dqGUqVbuzmFdyjhwizzH1FF9Mey5tvRZqzDSG1nTzlMgzQfrF/R0NEuqJdxUyjDFXiO4NyhUivFQ65CsdA==",
      "peer": true,
      "dependencies": {
        "tslib": "^2.3.0"
      },
      "engines": {
        "node": "^12.20.0 || ^14.15.0 || >=16.10.0"
      },
      "peerDependencies": {
        "rxjs": "^6.5.3 || ^7.4.0",
        "zone.js": "~0.11.4"
      }
    },
    "node_modules/@angular/forms": {
      "version": "13.1.0",
      "resolved": "https://registry.npmjs.org/@angular/forms/-/forms-13.1.0.tgz",
      "integrity": "sha512-sf9I8wftUk2+bTbdaVH2ioTXw5UfKNl0P4XFUoFxDuAzUxxlxN/ocY/VzevIEtQfoAwUp8eawnN9BkIXy+EMww==",
      "peer": true,
      "dependencies": {
        "tslib": "^2.3.0"
      },
      "engines": {
        "node": "^12.20.0 || ^14.15.0 || >=16.10.0"
      },
      "peerDependencies": {
        "@angular/common": "13.1.0",
        "@angular/core": "13.1.0",
        "@angular/platform-browser": "13.1.0",
        "rxjs": "^6.5.3 || ^7.4.0"
      }
    },
    "node_modules/@angular/platform-browser": {
      "version": "13.1.0",
      "resolved": "https://registry.npmjs.org/@angular/platform-browser/-/platform-browser-13.1.0.tgz",
      "integrity": "sha512-2c1OdOefpGVuIgFD0bojtEzPttXMC+iC8h/4fMpmW4v9JyRvTgPV2OPIpgfT25fTnGLQAJ19C8VG/S1J/JlXMw==",
      "peer": true,
      "dependencies": {
        "tslib": "^2.3.0"
      },
      "engines": {
        "node": "^12.20.0 || ^14.15.0 || >=16.10.0"
      },
      "peerDependencies": {
        "@angular/animations": "13.1.0",
        "@angular/common": "13.1.0",
        "@angular/core": "13.1.0"
      },
      "peerDependenciesMeta": {
        "@angular/animations": {
          "optional": true
        }
      }
    },
    "node_modules/@angular/router": {
      "version": "13.1.0",
      "resolved": "https://registry.npmjs.org/@angular/router/-/router-13.1.0.tgz",
      "integrity": "sha512-A/8O0GGLKENg5wxP7TFTPWmDtyMOL9qq65uxYQCyv46/2ra76FKteFg9UzcuuXPBiCAxD1wbL5kRF2MZlfrQ3Q==",
      "peer": true,
      "dependencies": {
        "tslib": "^2.3.0"
      },
      "engines": {
        "node": "^12.20.0 || ^14.15.0 || >=16.10.0"
      },
      "peerDependencies": {
        "@angular/common": "13.1.0",
        "@angular/core": "13.1.0",
        "@angular/platform-browser": "13.1.0",
        "rxjs": "^6.5.3 || ^7.4.0"
      }
    },
    "node_modules/@ionic/angular": {
      "version": "6.0.0",
      "resolved": "https://registry.npmjs.org/@ionic/angular/-/angular-6.0.0.tgz",
      "integrity": "sha512-BCbPMLHsZCGxNij/b6JDFDWXZNKi47VWK3XEH72nkE8xGJ47RXGjDXeVrtc+2TM1TxSm+J8tL+P3hnSgoBgyMQ==",
      "peer": true,
      "dependencies": {
        "@ionic/core": "6.0.0",
        "jsonc-parser": "^3.0.0",
        "tslib": "^2.0.0"
      },
      "peerDependencies": {
        "@angular/core": ">=12.0.0",
        "@angular/forms": ">=12.0.0",
        "@angular/router": ">=12.0.0",
        "rxjs": ">=6.6.0",
        "zone.js": ">=0.11.0"
      }
    },
    "node_modules/@ionic/core": {
      "version": "6.0.0",
      "resolved": "https://registry.npmjs.org/@ionic/core/-/core-6.0.0.tgz",
      "integrity": "sha512-3e5EJhDebK4pCiFREpNB95o2kBSAdhRb3eMsBDOCYWYuFlcZEOGOpiGx+kYF/klYVQnB45UXAmR8nCX1indmHQ==",
      "peer": true,
      "dependencies": {
        "@stencil/core": "~2.11.0-0",
        "ionicons": "^6.0.0",
        "tslib": "^2.1.0"
      }
    },
    "node_modules/@stencil/core": {
      "version": "2.11.0",
      "resolved": "https://registry.npmjs.org/@stencil/core/-/core-2.11.0.tgz",
      "integrity": "sha512-/IubCWhVXCguyMUp/3zGrg3c882+RJNg/zpiKfyfJL3kRCOwe+/MD8OoAXVGdd+xAohZKIi1Ik+EHFlsptsjLg==",
      "peer": true,
      "bin": {
        "stencil": "bin/stencil"
      },
      "engines": {
        "node": ">=12.10.0",
        "npm": ">=6.0.0"
      }
    },
    "node_modules/ionicons": {
      "version": "6.0.0",
      "resolved": "https://registry.npmjs.org/ionicons/-/ionicons-6.0.0.tgz",
      "integrity": "sha512-p83W1T8jZUlllHAjuIWaDQbI36OYqdrwcf8MhYbKW7+9rjGlCMP9+5OaR0W7tl0QfM004uAiy/zkc7HTpDNKgA==",
      "peer": true,
      "dependencies": {
        "@stencil/core": "~2.10.0"
      }
    },
    "node_modules/ionicons/node_modules/@stencil/core": {
      "version": "2.10.0",
      "resolved": "https://registry.npmjs.org/@stencil/core/-/core-2.10.0.tgz",
      "integrity": "sha512-15rWMTPQ/sp0lSV82HVCXkIya3QLN+uBl7pqK4JnTrp4HiLrzLmNbWjbvgCs55gw0lULbCIGbRIEsFz+Pe/Q+A==",
      "peer": true,
      "bin": {
        "stencil": "bin/stencil"
      },
      "engines": {
        "node": ">=12.10.0",
        "npm": ">=6.0.0"
      }
    },
    "node_modules/jsonc-parser": {
      "version": "3.0.0",
      "resolved": "https://registry.npmjs.org/jsonc-parser/-/jsonc-parser-3.0.0.tgz",
      "integrity": "sha512-fQzRfAbIBnR0IQvftw9FJveWiHp72Fg20giDrHz6TdfB12UH/uue0D3hm57UB5KgAVuniLMCaS8P1IMj9NR7cA==",
      "peer": true
    },
    "node_modules/parse-unit": {
      "version": "1.0.1",
      "resolved": "https://registry.npmjs.org/parse-unit/-/parse-unit-1.0.1.tgz",
      "integrity": "sha1-fhu21b7zh0wo45JSaiVBFwKR7s8=",
      "dev": true
    },
    "node_modules/rxjs": {
      "version": "7.4.0",
      "resolved": "https://registry.npmjs.org/rxjs/-/rxjs-7.4.0.tgz",
      "integrity": "sha512-7SQDi7xeTMCJpqViXh8gL/lebcwlp3d831F05+9B44A4B0WfsEwUQHR64gsH1kvJ+Ep/J9K2+n1hVl1CsGN23w==",
      "peer": true,
      "dependencies": {
        "tslib": "~2.1.0"
      }
    },
    "node_modules/rxjs/node_modules/tslib": {
      "version": "2.1.0",
      "resolved": "https://registry.npmjs.org/tslib/-/tslib-2.1.0.tgz",
      "integrity": "sha512-hcVC3wYEziELGGmEEXue7D75zbwIIVUMWAVbHItGPx0ziyXxrOMQx4rQEVEV45Ut/1IotuEvwqPopzIOkDMf0A==",
      "peer": true
    },
    "node_modules/to-px": {
      "version": "1.1.0",
      "resolved": "https://registry.npmjs.org/to-px/-/to-px-1.1.0.tgz",
      "integrity": "sha512-bfg3GLYrGoEzrGoE05TAL/Uw+H/qrf2ptr9V3W7U0lkjjyYnIfgxmVLUfhQ1hZpIQwin81uxhDjvUkDYsC0xWw==",
      "dev": true,
      "dependencies": {
        "parse-unit": "^1.0.1"
      }
    },
    "node_modules/tslib": {
      "version": "2.3.1",
      "resolved": "https://registry.npmjs.org/tslib/-/tslib-2.3.1.tgz",
      "integrity": "sha512-77EbyPPpMz+FRFRuAFlWMtmgUWGe9UOG2Z25NqCwiIjRhOf5iKGuzSe5P2w1laq+FkRy4p+PCuVkJSGkzTEKVw=="
    },
    "node_modules/zone.js": {
      "version": "0.11.4",
      "resolved": "https://registry.npmjs.org/zone.js/-/zone.js-0.11.4.tgz",
      "integrity": "sha512-DDh2Ab+A/B+9mJyajPjHFPWfYU1H+pdun4wnnk0OcQTNjem1XQSZ2CDW+rfZEUDjv5M19SBqAkjZi0x5wuB5Qw==",
      "peer": true,
      "dependencies": {
        "tslib": "^2.0.0"
      }
    }
  },
  "dependencies": {
    "@angular/common": {
      "version": "13.1.0",
      "resolved": "https://registry.npmjs.org/@angular/common/-/common-13.1.0.tgz",
      "integrity": "sha512-bDuxl9N2fsaDrkNNuyNEdXMLwCCkjT9ru03QzP+b9RxmCBoUGeHD0uN61N5PMrsKq2RxB6jv4MJQJjT+jQqTsA==",
      "peer": true,
      "requires": {
        "tslib": "^2.3.0"
      }
    },
    "@angular/core": {
      "version": "13.1.0",
      "resolved": "https://registry.npmjs.org/@angular/core/-/core-13.1.0.tgz",
      "integrity": "sha512-eW+8dqGUqVbuzmFdyjhwizzH1FF9Mey5tvRZqzDSG1nTzlMgzQfrF/R0NEuqJdxUyjDFXiO4NyhUivFQ65CsdA==",
      "peer": true,
      "requires": {
        "tslib": "^2.3.0"
      }
    },
    "@angular/forms": {
      "version": "13.1.0",
      "resolved": "https://registry.npmjs.org/@angular/forms/-/forms-13.1.0.tgz",
      "integrity": "sha512-sf9I8wftUk2+bTbdaVH2ioTXw5UfKNl0P4XFUoFxDuAzUxxlxN/ocY/VzevIEtQfoAwUp8eawnN9BkIXy+EMww==",
      "peer": true,
      "requires": {
        "tslib": "^2.3.0"
      }
    },
    "@angular/platform-browser": {
      "version": "13.1.0",
      "resolved": "https://registry.npmjs.org/@angular/platform-browser/-/platform-browser-13.1.0.tgz",
      "integrity": "sha512-2c1OdOefpGVuIgFD0bojtEzPttXMC+iC8h/4fMpmW4v9JyRvTgPV2OPIpgfT25fTnGLQAJ19C8VG/S1J/JlXMw==",
      "peer": true,
      "requires": {
        "tslib": "^2.3.0"
      }
    },
    "@angular/router": {
      "version": "13.1.0",
      "resolved": "https://registry.npmjs.org/@angular/router/-/router-13.1.0.tgz",
      "integrity": "sha512-A/8O0GGLKENg5wxP7TFTPWmDtyMOL9qq65uxYQCyv46/2ra76FKteFg9UzcuuXPBiCAxD1wbL5kRF2MZlfrQ3Q==",
      "peer": true,
      "requires": {
        "tslib": "^2.3.0"
      }
    },
    "@ionic/angular": {
      "version": "6.0.0",
      "resolved": "https://registry.npmjs.org/@ionic/angular/-/angular-6.0.0.tgz",
      "integrity": "sha512-BCbPMLHsZCGxNij/b6JDFDWXZNKi47VWK3XEH72nkE8xGJ47RXGjDXeVrtc+2TM1TxSm+J8tL+P3hnSgoBgyMQ==",
      "peer": true,
      "requires": {
        "@ionic/core": "6.0.0",
        "jsonc-parser": "^3.0.0",
        "tslib": "^2.0.0"
      }
    },
    "@ionic/core": {
      "version": "6.0.0",
      "resolved": "https://registry.npmjs.org/@ionic/core/-/core-6.0.0.tgz",
      "integrity": "sha512-3e5EJhDebK4pCiFREpNB95o2kBSAdhRb3eMsBDOCYWYuFlcZEOGOpiGx+kYF/klYVQnB45UXAmR8nCX1indmHQ==",
      "peer": true,
      "requires": {
        "@stencil/core": "~2.11.0-0",
        "ionicons": "^6.0.0",
        "tslib": "^2.1.0"
      }
    },
    "@stencil/core": {
      "version": "2.11.0",
      "resolved": "https://registry.npmjs.org/@stencil/core/-/core-2.11.0.tgz",
      "integrity": "sha512-/IubCWhVXCguyMUp/3zGrg3c882+RJNg/zpiKfyfJL3kRCOwe+/MD8OoAXVGdd+xAohZKIi1Ik+EHFlsptsjLg==",
      "peer": true
    },
    "ionicons": {
      "version": "6.0.0",
      "resolved": "https://registry.npmjs.org/ionicons/-/ionicons-6.0.0.tgz",
      "integrity": "sha512-p83W1T8jZUlllHAjuIWaDQbI36OYqdrwcf8MhYbKW7+9rjGlCMP9+5OaR0W7tl0QfM004uAiy/zkc7HTpDNKgA==",
      "peer": true,
      "requires": {
        "@stencil/core": "~2.10.0"
      },
      "dependencies": {
        "@stencil/core": {
          "version": "2.10.0",
          "resolved": "https://registry.npmjs.org/@stencil/core/-/core-2.10.0.tgz",
          "integrity": "sha512-15rWMTPQ/sp0lSV82HVCXkIya3QLN+uBl7pqK4JnTrp4HiLrzLmNbWjbvgCs55gw0lULbCIGbRIEsFz+Pe/Q+A==",
          "peer": true
        }
      }
    },
    "jsonc-parser": {
      "version": "3.0.0",
      "resolved": "https://registry.npmjs.org/jsonc-parser/-/jsonc-parser-3.0.0.tgz",
      "integrity": "sha512-fQzRfAbIBnR0IQvftw9FJveWiHp72Fg20giDrHz6TdfB12UH/uue0D3hm57UB5KgAVuniLMCaS8P1IMj9NR7cA==",
      "peer": true
    },
    "parse-unit": {
      "version": "1.0.1",
      "resolved": "https://registry.npmjs.org/parse-unit/-/parse-unit-1.0.1.tgz",
      "integrity": "sha1-fhu21b7zh0wo45JSaiVBFwKR7s8=",
      "dev": true
    },
    "rxjs": {
      "version": "7.4.0",
      "resolved": "https://registry.npmjs.org/rxjs/-/rxjs-7.4.0.tgz",
      "integrity": "sha512-7SQDi7xeTMCJpqViXh8gL/lebcwlp3d831F05+9B44A4B0WfsEwUQHR64gsH1kvJ+Ep/J9K2+n1hVl1CsGN23w==",
      "peer": true,
      "requires": {
        "tslib": "~2.1.0"
      },
      "dependencies": {
        "tslib": {
          "version": "2.1.0",
          "resolved": "https://registry.npmjs.org/tslib/-/tslib-2.1.0.tgz",
          "integrity": "sha512-hcVC3wYEziELGGmEEXue7D75zbwIIVUMWAVbHItGPx0ziyXxrOMQx4rQEVEV45Ut/1IotuEvwqPopzIOkDMf0A==",
          "peer": true
        }
      }
    },
    "to-px": {
      "version": "1.1.0",
      "resolved": "https://registry.npmjs.org/to-px/-/to-px-1.1.0.tgz",
      "integrity": "sha512-bfg3GLYrGoEzrGoE05TAL/Uw+H/qrf2ptr9V3W7U0lkjjyYnIfgxmVLUfhQ1hZpIQwin81uxhDjvUkDYsC0xWw==",
      "dev": true,
      "requires": {
        "parse-unit": "^1.0.1"
      }
    },
    "tslib": {
      "version": "2.3.1",
      "resolved": "https://registry.npmjs.org/tslib/-/tslib-2.3.1.tgz",
      "integrity": "sha512-77EbyPPpMz+FRFRuAFlWMtmgUWGe9UOG2Z25NqCwiIjRhOf5iKGuzSe5P2w1laq+FkRy4p+PCuVkJSGkzTEKVw=="
    },
    "zone.js": {
      "version": "0.11.4",
      "resolved": "https://registry.npmjs.org/zone.js/-/zone.js-0.11.4.tgz",
      "integrity": "sha512-DDh2Ab+A/B+9mJyajPjHFPWfYU1H+pdun4wnnk0OcQTNjem1XQSZ2CDW+rfZEUDjv5M19SBqAkjZi0x5wuB5Qw==",
      "peer": true,
      "requires": {
        "tslib": "^2.0.0"
      }
    }
  }
}
